{
	"name": "npm-update-bug-1",
	"version": "0.0.0",
	"lockfileVersion": 2,
	"requires": true,
	"packages": {
		"": {
			"version": "0.0.0",
			"workspaces": [
				"alpha/*"
			]
		},
		"alpha/esm": {
			"version": "0.0.0",
			"workspaces": [
				"alpha/*"
			]
		},
		"node_modules/@csstools/some-package--esm": {
			"resolved": "alpha/esm",
			"link": true
		}
	},
	"dependencies": {
		"@csstools/some-package--esm": {
			"version": "file:alpha/esm"
		}
	}
}
